
Microsoft Visual Studio Solution File, Format Version 12.00
# Visual Studio Version 16
VisualStudioVersion = 16.0.29911.84
MinimumVisualStudioVersion = 10.0.40219.1
Project("{FAE04EC0-301F-11D3-BF4B-00C04F79EFBC}") = "AgendaTelefonica", "AgendaTelefonica\AgendaTelefonica.csproj", "{3C81B752-9F04-4B25-8F1D-5BBB0E80F2AE}"
EndProject
Project("{9A19103F-16F7-4668-BE54-9A1E7A4F7556}") = "AgendaTelefonica.Data", "AgendaTelefonica.Data\AgendaTelefonica.Data.csproj", "{FDEB41D9-F856-449B-8979-C0C26CE8A83D}"
EndProject
Global
	GlobalSection(SolutionConfigurationPlatforms) = preSolution
		Debug|Any CPU = Debug|Any CPU
		Release|Any CPU = Release|Any CPU
	EndGlobalSection
	GlobalSection(ProjectConfigurationPlatforms) = postSolution
		{3C81B752-9F04-4B25-8F1D-5BBB0E80F2AE}.Debug|Any CPU.ActiveCfg = Debug|Any CPU
		{3C81B752-9F04-4B25-8F1D-5BBB0E80F2AE}.Debug|Any CPU.Build.0 = Debug|Any CPU
		{3C81B752-9F04-4B25-8F1D-5BBB0E80F2AE}.Release|Any CPU.ActiveCfg = Release|Any CPU
		{3C81B752-9F04-4B25-8F1D-5BBB0E80F2AE}.Release|Any CPU.Build.0 = Release|Any CPU
		{FDEB41D9-F856-449B-8979-C0C26CE8A83D}.Debug|Any CPU.ActiveCfg = Debug|Any CPU
		{FDEB41D9-F856-449B-8979-C0C26CE8A83D}.Debug|Any CPU.Build.0 = Debug|Any CPU
		{FDEB41D9-F856-449B-8979-C0C26CE8A83D}.Release|Any CPU.ActiveCfg = Release|Any CPU
		{FDEB41D9-F856-449B-8979-C0C26CE8A83D}.Release|Any CPU.Build.0 = Release|Any CPU
	EndGlobalSection
	GlobalSection(SolutionProperties) = preSolution
		HideSolutionNode = FALSE
	EndGlobalSection
	GlobalSection(ExtensibilityGlobals) = postSolution
		SolutionGuid = {4F87F9F6-E271-4531-800F-B7A08E75BA12}
	EndGlobalSection
EndGlobal
